
Microsoft Visual Studio Solution File, Format Version 12.00
# Visual Studio 2012
Project("{FAE04EC0-301F-11D3-BF4B-00C04F79EFBC}") = "Gap.Win", "Gap.Win\Gap.Win.csproj", "{5083FCDA-B7BD-4139-A203-FB6A6AD4AB05}"
EndProject
Project("{FAE04EC0-301F-11D3-BF4B-00C04F79EFBC}") = "Gap.Server", "Gap.Server\Gap.Server.csproj", "{C3B87310-CD5A-4CF0-8A94-945617561680}"
EndProject
Project("{FAE04EC0-301F-11D3-BF4B-00C04F79EFBC}") = "Gap.Network", "Gap.Network\Gap.Network.csproj", "{3C9B6C10-7ABB-4F45-8B6A-38649AB46F3B}"
EndProject
Global
	GlobalSection(SolutionConfigurationPlatforms) = preSolution
		Debug|Any CPU = Debug|Any CPU
		Release|Any CPU = Release|Any CPU
	EndGlobalSection
	GlobalSection(ProjectConfigurationPlatforms) = postSolution
		{5083FCDA-B7BD-4139-A203-FB6A6AD4AB05}.Debug|Any CPU.ActiveCfg = Debug|Any CPU
		{5083FCDA-B7BD-4139-A203-FB6A6AD4AB05}.Debug|Any CPU.Build.0 = Debug|Any CPU
		{5083FCDA-B7BD-4139-A203-FB6A6AD4AB05}.Release|Any CPU.ActiveCfg = Release|Any CPU
		{5083FCDA-B7BD-4139-A203-FB6A6AD4AB05}.Release|Any CPU.Build.0 = Release|Any CPU
		{C3B87310-CD5A-4CF0-8A94-945617561680}.Debug|Any CPU.ActiveCfg = Debug|Any CPU
		{C3B87310-CD5A-4CF0-8A94-945617561680}.Debug|Any CPU.Build.0 = Debug|Any CPU
		{C3B87310-CD5A-4CF0-8A94-945617561680}.Release|Any CPU.ActiveCfg = Release|Any CPU
		{C3B87310-CD5A-4CF0-8A94-945617561680}.Release|Any CPU.Build.0 = Release|Any CPU
		{3C9B6C10-7ABB-4F45-8B6A-38649AB46F3B}.Debug|Any CPU.ActiveCfg = Debug|Any CPU
		{3C9B6C10-7ABB-4F45-8B6A-38649AB46F3B}.Debug|Any CPU.Build.0 = Debug|Any CPU
		{3C9B6C10-7ABB-4F45-8B6A-38649AB46F3B}.Release|Any CPU.ActiveCfg = Release|Any CPU
		{3C9B6C10-7ABB-4F45-8B6A-38649AB46F3B}.Release|Any CPU.Build.0 = Release|Any CPU
	EndGlobalSection
	GlobalSection(SolutionProperties) = preSolution
		HideSolutionNode = FALSE
	EndGlobalSection
EndGlobal
